
Microsoft Visual Studio Solution File, Format Version 12.00
# Visual Studio Version 16
VisualStudioVersion = 16.0.29905.134
MinimumVisualStudioVersion = 10.0.40219.1
Project("{FAE04EC0-301F-11D3-BF4B-00C04F79EFBC}") = "project.api", "project.api\project.api.csproj", "{FC80A35F-CD89-4E13-AA82-21B1E52B0AC5}"
EndProject
Project("{FAE04EC0-301F-11D3-BF4B-00C04F79EFBC}") = "projectWeb", "projectWeb\projectWeb.csproj", "{EDD0494F-2EF7-4E26-A06E-442FC25C3ACB}"
EndProject
Global
	GlobalSection(SolutionConfigurationPlatforms) = preSolution
		Debug|Any CPU = Debug|Any CPU
		Release|Any CPU = Release|Any CPU
	EndGlobalSection
	GlobalSection(ProjectConfigurationPlatforms) = postSolution
		{FC80A35F-CD89-4E13-AA82-21B1E52B0AC5}.Debug|Any CPU.ActiveCfg = Debug|Any CPU
		{FC80A35F-CD89-4E13-AA82-21B1E52B0AC5}.Debug|Any CPU.Build.0 = Debug|Any CPU
		{FC80A35F-CD89-4E13-AA82-21B1E52B0AC5}.Release|Any CPU.ActiveCfg = Release|Any CPU
		{FC80A35F-CD89-4E13-AA82-21B1E52B0AC5}.Release|Any CPU.Build.0 = Release|Any CPU
		{EDD0494F-2EF7-4E26-A06E-442FC25C3ACB}.Debug|Any CPU.ActiveCfg = Debug|Any CPU
		{EDD0494F-2EF7-4E26-A06E-442FC25C3ACB}.Debug|Any CPU.Build.0 = Debug|Any CPU
		{EDD0494F-2EF7-4E26-A06E-442FC25C3ACB}.Release|Any CPU.ActiveCfg = Release|Any CPU
		{EDD0494F-2EF7-4E26-A06E-442FC25C3ACB}.Release|Any CPU.Build.0 = Release|Any CPU
	EndGlobalSection
	GlobalSection(SolutionProperties) = preSolution
		HideSolutionNode = FALSE
	EndGlobalSection
	GlobalSection(ExtensibilityGlobals) = postSolution
		SolutionGuid = {4E4D63DA-4D25-41CB-A6DA-505C924C9BBD}
	EndGlobalSection
EndGlobal
